// !$*UTF8*$!
{
	archiveVersion = 1;
	classes = {
	};
	objectVersion = 51;
	objects = {

/* Begin PBXBuildFile section */
		A54270EB267E2749005A5546 /* AppDelegate.swift in Sources */ = {isa = PBXBuildFile; fileRef = A54270EA267E2749005A5546 /* AppDelegate.swift */; };
		A54270ED267E2749005A5546 /* SceneDelegate.swift in Sources */ = {isa = PBXBuildFile; fileRef = A54270EC267E2749005A5546 /* SceneDelegate.swift */; };
		A54270F2267E2749005A5546 /* Main.storyboard in Resources */ = {isa = PBXBuildFile; fileRef = A54270F0267E2749005A5546 /* Main.storyboard */; };
		A54270F4267E274B005A5546 /* Assets.xcassets in Resources */ = {isa = PBXBuildFile; fileRef = A54270F3267E274B005A5546 /* Assets.xcassets */; };
		A54270F7267E274B005A5546 /* LaunchScreen.storyboard in Resources */ = {isa = PBXBuildFile; fileRef = A54270F5267E274B005A5546 /* LaunchScreen.storyboard */; };
		A5427106267E2812005A5546 /* EventData.swift in Sources */ = {isa = PBXBuildFile; fileRef = A5427105267E2812005A5546 /* EventData.swift */; };
		A542710A267E285F005A5546 /* EventTableViewController.swift in Sources */ = {isa = PBXBuildFile; fileRef = A5427109267E285F005A5546 /* EventTableViewController.swift */; };
		A542710E267E292C005A5546 /* Extensions.swift in Sources */ = {isa = PBXBuildFile; fileRef = A542710D267E292C005A5546 /* Extensions.swift */; };
		A5427110267E2A15005A5546 /* Service.swift in Sources */ = {isa = PBXBuildFile; fileRef = A542710F267E2A15005A5546 /* Service.swift */; };
		A5427112267E2A85005A5546 /* EventViewModel.swift in Sources */ = {isa = PBXBuildFile; fileRef = A5427111267E2A85005A5546 /* EventViewModel.swift */; };
		A5427114267E34E2005A5546 /* PerformanceViewModel.swift in Sources */ = {isa = PBXBuildFile; fileRef = A5427113267E34E2005A5546 /* PerformanceViewModel.swift */; };
		A5427116267E36C2005A5546 /* SeatGeek.swift in Sources */ = {isa = PBXBuildFile; fileRef = A5427115267E36C2005A5546 /* SeatGeek.swift */; };
		A5427118267E36D8005A5546 /* ApiKey.swift in Sources */ = {isa = PBXBuildFile; fileRef = A5427117267E36D8005A5546 /* ApiKey.swift */; };
		A542711A267E38F1005A5546 /* EventsDetailViewController.swift in Sources */ = {isa = PBXBuildFile; fileRef = A5427119267E38F1005A5546 /* EventsDetailViewController.swift */; };
		A542711C267E3A58005A5546 /* EventCellView.swift in Sources */ = {isa = PBXBuildFile; fileRef = A542711B267E3A58005A5546 /* EventCellView.swift */; };
		A5427122267E3A7F005A5546 /* LikeButton.swift in Sources */ = {isa = PBXBuildFile; fileRef = A5427121267E3A7F005A5546 /* LikeButton.swift */; };
		A542712C267E3AA8005A5546 /* Favorites.swift in Sources */ = {isa = PBXBuildFile; fileRef = A542712B267E3AA8005A5546 /* Favorites.swift */; };
		A542712E267E3ACC005A5546 /* SearchBar.swift in Sources */ = {isa = PBXBuildFile; fileRef = A542712D267E3ACC005A5546 /* SearchBar.swift */; };
		A5427132267E45FB005A5546 /* SubTextLabel.swift in Sources */ = {isa = PBXBuildFile; fileRef = A5427131267E45FB005A5546 /* SubTextLabel.swift */; };
		A5427134267E4643005A5546 /* TitleLabel.swift in Sources */ = {isa = PBXBuildFile; fileRef = A5427133267E4643005A5546 /* TitleLabel.swift */; };
		C37620771E2A6217AAA6F2D8 /* Pods_FetchRewardsProject.framework in Frameworks */ = {isa = PBXBuildFile; fileRef = 66B9A74DF71C4004A8C3FB61 /* Pods_FetchRewardsProject.framework */; };
/* End PBXBuildFile section */

/* Begin PBXFileReference section */
		39D6D38B6C109CD38E1C9BD2 /* Pods-FetchRewardsProject.debug.xcconfig */ = {isa = PBXFileReference; includeInIndex = 1; lastKnownFileType = text.xcconfig; name = "Pods-FetchRewardsProject.debug.xcconfig"; path = "Target Support Files/Pods-FetchRewardsProject/Pods-FetchRewardsProject.debug.xcconfig"; sourceTree = "<group>"; };
		66B9A74DF71C4004A8C3FB61 /* Pods_FetchRewardsProject.framework */ = {isa = PBXFileReference; explicitFileType = wrapper.framework; includeInIndex = 0; path = Pods_FetchRewardsProject.framework; sourceTree = BUILT_PRODUCTS_DIR; };
		938CF760F3A324301FEF3E6A /* Pods-FetchRewardsProject.release.xcconfig */ = {isa = PBXFileReference; includeInIndex = 1; lastKnownFileType = text.xcconfig; name = "Pods-FetchRewardsProject.release.xcconfig"; path = "Target Support Files/Pods-FetchRewardsProject/Pods-FetchRewardsProject.release.xcconfig"; sourceTree = "<group>"; };
		A54270E7267E2749005A5546 /* FetchRewardsProject.app */ = {isa = PBXFileReference; explicitFileType = wrapper.application; includeInIndex = 0; path = FetchRewardsProject.app; sourceTree = BUILT_PRODUCTS_DIR; };
		A54270EA267E2749005A5546 /* AppDelegate.swift */ = {isa = PBXFileReference; lastKnownFileType = sourcecode.swift; path = AppDelegate.swift; sourceTree = "<group>"; };
		A54270EC267E2749005A5546 /* SceneDelegate.swift */ = {isa = PBXFileReference; lastKnownFileType = sourcecode.swift; path = SceneDelegate.swift; sourceTree = "<group>"; };
		A54270F1267E2749005A5546 /* Base */ = {isa = PBXFileReference; lastKnownFileType = file.storyboard; name = Base; path = Base.lproj/Main.storyboard; sourceTree = "<group>"; };
		A54270F3267E274B005A5546 /* Assets.xcassets */ = {isa = PBXFileReference; lastKnownFileType = folder.assetcatalog; path = Assets.xcassets; sourceTree = "<group>"; };
		A54270F6267E274B005A5546 /* Base */ = {isa = PBXFileReference; lastKnownFileType = file.storyboard; name = Base; path = Base.lproj/LaunchScreen.storyboard; sourceTree = "<group>"; };
		A54270F8267E274B005A5546 /* Info.plist */ = {isa = PBXFileReference; lastKnownFileType = text.plist.xml; path = Info.plist; sourceTree = "<group>"; };
		A5427105267E2812005A5546 /* EventData.swift */ = {isa = PBXFileReference; lastKnownFileType = sourcecode.swift; path = EventData.swift; sourceTree = "<group>"; };
		A5427109267E285F005A5546 /* EventTableViewController.swift */ = {isa = PBXFileReference; lastKnownFileType = sourcecode.swift; path = EventTableViewController.swift; sourceTree = "<group>"; };
		A542710D267E292C005A5546 /* Extensions.swift */ = {isa = PBXFileReference; lastKnownFileType = sourcecode.swift; path = Extensions.swift; sourceTree = "<group>"; };
		A542710F267E2A15005A5546 /* Service.swift */ = {isa = PBXFileReference; lastKnownFileType = sourcecode.swift; path = Service.swift; sourceTree = "<group>"; };
		A5427111267E2A85005A5546 /* EventViewModel.swift */ = {isa = PBXFileReference; lastKnownFileType = sourcecode.swift; path = EventViewModel.swift; sourceTree = "<group>"; };
		A5427113267E34E2005A5546 /* PerformanceViewModel.swift */ = {isa = PBXFileReference; lastKnownFileType = sourcecode.swift; path = PerformanceViewModel.swift; sourceTree = "<group>"; };
		A5427115267E36C2005A5546 /* SeatGeek.swift */ = {isa = PBXFileReference; lastKnownFileType = sourcecode.swift; path = SeatGeek.swift; sourceTree = "<group>"; };
		A5427117267E36D8005A5546 /* ApiKey.swift */ = {isa = PBXFileReference; lastKnownFileType = sourcecode.swift; path = ApiKey.swift; sourceTree = "<group>"; };
		A5427119267E38F1005A5546 /* EventsDetailViewController.swift */ = {isa = PBXFileReference; lastKnownFileType = sourcecode.swift; path = EventsDetailViewController.swift; sourceTree = "<group>"; };
		A542711B267E3A58005A5546 /* EventCellView.swift */ = {isa = PBXFileReference; lastKnownFileType = sourcecode.swift; path = EventCellView.swift; sourceTree = "<group>"; };
		A5427121267E3A7F005A5546 /* LikeButton.swift */ = {isa = PBXFileReference; lastKnownFileType = sourcecode.swift; path = LikeButton.swift; sourceTree = "<group>"; };
		A542712B267E3AA8005A5546 /* Favorites.swift */ = {isa = PBXFileReference; lastKnownFileType = sourcecode.swift; path = Favorites.swift; sourceTree = "<group>"; };
		A542712D267E3ACC005A5546 /* SearchBar.swift */ = {isa = PBXFileReference; lastKnownFileType = sourcecode.swift; path = SearchBar.swift; sourceTree = "<group>"; };
		A5427131267E45FB005A5546 /* SubTextLabel.swift */ = {isa = PBXFileReference; fileEncoding = 4; lastKnownFileType = sourcecode.swift; path = SubTextLabel.swift; sourceTree = "<group>"; };
		A5427133267E4643005A5546 /* TitleLabel.swift */ = {isa = PBXFileReference; fileEncoding = 4; lastKnownFileType = sourcecode.swift; path = TitleLabel.swift; sourceTree = "<group>"; };
/* End PBXFileReference section */

/* Begin PBXFrameworksBuildPhase section */
		A54270E4267E2749005A5546 /* Frameworks */ = {
			isa = PBXFrameworksBuildPhase;
			buildActionMask = 2147483647;
			files = (
				C37620771E2A6217AAA6F2D8 /* Pods_FetchRewardsProject.framework in Frameworks */,
			);
			runOnlyForDeploymentPostprocessing = 0;
		};
/* End PBXFrameworksBuildPhase section */

/* Begin PBXGroup section */
		21A24B6B718F3AD4D1FB9660 /* Frameworks */ = {
			isa = PBXGroup;
			children = (
				66B9A74DF71C4004A8C3FB61 /* Pods_FetchRewardsProject.framework */,
			);
			name = Frameworks;
			sourceTree = "<group>";
		};
		A54270DE267E2749005A5546 = {
			isa = PBXGroup;
			children = (
				A54270E9267E2749005A5546 /* FetchRewardsProject */,
				A54270E8267E2749005A5546 /* Products */,
				B3B9CDF7D9265783E1C3B0A8 /* Pods */,
				21A24B6B718F3AD4D1FB9660 /* Frameworks */,
			);
			sourceTree = "<group>";
		};
		A54270E8267E2749005A5546 /* Products */ = {
			isa = PBXGroup;
			children = (
				A54270E7267E2749005A5546 /* FetchRewardsProject.app */,
			);
			name = Products;
			sourceTree = "<group>";
		};
		A54270E9267E2749005A5546 /* FetchRewardsProject */ = {
			isa = PBXGroup;
			children = (
				A5427104267E275B005A5546 /* Model */,
				A5427103267E275A005A5546 /* View */,
				A5427102267E2759005A5546 /* ViewModel */,
				A5427101267E2757005A5546 /* Controllers */,
				A5427100267E2756005A5546 /* Api */,
				A54270FF267E2755005A5546 /* Utilities */,
				A54270FE267E2754005A5546 /* Helpers */,
				A54270F8267E274B005A5546 /* Info.plist */,
			);
			path = FetchRewardsProject;
			sourceTree = "<group>";
		};
		A54270FE267E2754005A5546 /* Helpers */ = {
			isa = PBXGroup;
			children = (
				A5427131267E45FB005A5546 /* SubTextLabel.swift */,
				A5427133267E4643005A5546 /* TitleLabel.swift */,
				A54270F3267E274B005A5546 /* Assets.xcassets */,
				A54270EA267E2749005A5546 /* AppDelegate.swift */,
				A54270EC267E2749005A5546 /* SceneDelegate.swift */,
				A54270F0267E2749005A5546 /* Main.storyboard */,
				A54270F5267E274B005A5546 /* LaunchScreen.storyboard */,
			);
			path = Helpers;
			sourceTree = "<group>";
		};
		A54270FF267E2755005A5546 /* Utilities */ = {
			isa = PBXGroup;
			children = (
				A542710D267E292C005A5546 /* Extensions.swift */,
			);
			path = Utilities;
			sourceTree = "<group>";
		};
		A5427100267E2756005A5546 /* Api */ = {
			isa = PBXGroup;
			children = (
				A5427135267E5542005A5546 /* key */,
				A542710F267E2A15005A5546 /* Service.swift */,
				A5427115267E36C2005A5546 /* SeatGeek.swift */,
			);
			path = Api;
			sourceTree = "<group>";
		};
		A5427101267E2757005A5546 /* Controllers */ = {
			isa = PBXGroup;
			children = (
				A5427109267E285F005A5546 /* EventTableViewController.swift */,
				A5427119267E38F1005A5546 /* EventsDetailViewController.swift */,
			);
			path = Controllers;
			sourceTree = "<group>";
		};
		A5427102267E2759005A5546 /* ViewModel */ = {
			isa = PBXGroup;
			children = (
				A5427111267E2A85005A5546 /* EventViewModel.swift */,
				A5427113267E34E2005A5546 /* PerformanceViewModel.swift */,
			);
			path = ViewModel;
			sourceTree = "<group>";
		};
		A5427103267E275A005A5546 /* View */ = {
			isa = PBXGroup;
			children = (
				A5427121267E3A7F005A5546 /* LikeButton.swift */,
				A542712D267E3ACC005A5546 /* SearchBar.swift */,
				A542711B267E3A58005A5546 /* EventCellView.swift */,
				A542712B267E3AA8005A5546 /* Favorites.swift */,
			);
			path = View;
			sourceTree = "<group>";
		};
		A5427104267E275B005A5546 /* Model */ = {
			isa = PBXGroup;
			children = (
				A5427105267E2812005A5546 /* EventData.swift */,
			);
			path = Model;
			sourceTree = "<group>";
		};
		A5427135267E5542005A5546 /* key */ = {
			isa = PBXGroup;
			children = (
				A5427117267E36D8005A5546 /* ApiKey.swift */,
			);
			path = key;
			sourceTree = "<group>";
		};
		B3B9CDF7D9265783E1C3B0A8 /* Pods */ = {
			isa = PBXGroup;
			children = (
				39D6D38B6C109CD38E1C9BD2 /* Pods-FetchRewardsProject.debug.xcconfig */,
				938CF760F3A324301FEF3E6A /* Pods-FetchRewardsProject.release.xcconfig */,
			);
			path = Pods;
			sourceTree = "<group>";
		};
/* End PBXGroup section */

/* Begin PBXNativeTarget section */
		A54270E6267E2749005A5546 /* FetchRewardsProject */ = {
			isa = PBXNativeTarget;
			buildConfigurationList = A54270FB267E274B005A5546 /* Build configuration list for PBXNativeTarget "FetchRewardsProject" */;
			buildPhases = (
				D3EEF18FCD9FA1AC370586F0 /* [CP] Check Pods Manifest.lock */,
				A54270E3267E2749005A5546 /* Sources */,
				A54270E4267E2749005A5546 /* Frameworks */,
				A54270E5267E2749005A5546 /* Resources */,
				5978FC9F74E28C6582BEC4A0 /* [CP] Embed Pods Frameworks */,
			);
			buildRules = (
			);
			dependencies = (
			);
			name = FetchRewardsProject;
			productName = FetchRewardsProject;
			productReference = A54270E7267E2749005A5546 /* FetchRewardsProject.app */;
			productType = "com.apple.product-type.application";
		};
/* End PBXNativeTarget section */

/* Begin PBXProject section */
		A54270DF267E2749005A5546 /* Project object */ = {
			isa = PBXProject;
			attributes = {
				LastSwiftUpdateCheck = 1250;
				LastUpgradeCheck = 1250;
				TargetAttributes = {
					A54270E6267E2749005A5546 = {
						CreatedOnToolsVersion = 12.5;
					};
				};
			};
			buildConfigurationList = A54270E2267E2749005A5546 /* Build configuration list for PBXProject "FetchRewardsProject" */;
			compatibilityVersion = "Xcode 9.3";
			developmentRegion = en;
			hasScannedForEncodings = 0;
			knownRegions = (
				en,
				Base,
			);
			mainGroup = A54270DE267E2749005A5546;
			productRefGroup = A54270E8267E2749005A5546 /* Products */;
			projectDirPath = "";
			projectRoot = "";
			targets = (
				A54270E6267E2749005A5546 /* FetchRewardsProject */,
			);
		};
/* End PBXProject section */

/* Begin PBXResourcesBuildPhase section */
		A54270E5267E2749005A5546 /* Resources */ = {
			isa = PBXResourcesBuildPhase;
			buildActionMask = 2147483647;
			files = (
				A54270F7267E274B005A5546 /* LaunchScreen.storyboard in Resources */,
				A54270F4267E274B005A5546 /* Assets.xcassets in Resources */,
				A54270F2267E2749005A5546 /* Main.storyboard in Resources */,
			);
			runOnlyForDeploymentPostprocessing = 0;
		};
/* End PBXResourcesBuildPhase section */

/* Begin PBXShellScriptBuildPhase section */
		5978FC9F74E28C6582BEC4A0 /* [CP] Embed Pods Frameworks */ = {
			isa = PBXShellScriptBuildPhase;
			buildActionMask = 2147483647;
			files = (
			);
			inputFileListPaths = (
				"${PODS_ROOT}/Target Support Files/Pods-FetchRewardsProject/Pods-FetchRewardsProject-frameworks-${CONFIGURATION}-input-files.xcfilelist",
			);
			name = "[CP] Embed Pods Frameworks";
			outputFileListPaths = (
				"${PODS_ROOT}/Target Support Files/Pods-FetchRewardsProject/Pods-FetchRewardsProject-frameworks-${CONFIGURATION}-output-files.xcfilelist",
			);
			runOnlyForDeploymentPostprocessing = 0;
			shellPath = /bin/sh;
			shellScript = "\"${PODS_ROOT}/Target Support Files/Pods-FetchRewardsProject/Pods-FetchRewardsProject-frameworks.sh\"\n";
			showEnvVarsInLog = 0;
		};
		D3EEF18FCD9FA1AC370586F0 /* [CP] Check Pods Manifest.lock */ = {
			isa = PBXShellScriptBuildPhase;
			buildActionMask = 2147483647;
			files = (
			);
			inputFileListPaths = (
			);
			inputPaths = (
				"${PODS_PODFILE_DIR_PATH}/Podfile.lock",
				"${PODS_ROOT}/Manifest.lock",
			);
			name = "[CP] Check Pods Manifest.lock";
			outputFileListPaths = (
			);
			outputPaths = (
				"$(DERIVED_FILE_DIR)/Pods-FetchRewardsProject-checkManifestLockResult.txt",
			);
			runOnlyForDeploymentPostprocessing = 0;
			shellPath = /bin/sh;
			shellScript = "diff \"${PODS_PODFILE_DIR_PATH}/Podfile.lock\" \"${PODS_ROOT}/Manifest.lock\" > /dev/null\nif [ $? != 0 ] ; then\n    # print error to STDERR\n    echo \"error: The sandbox is not in sync with the Podfile.lock. Run 'pod install' or update your CocoaPods installation.\" >&2\n    exit 1\nfi\n# This output is used by Xcode 'outputs' to avoid re-running this script phase.\necho \"SUCCESS\" > \"${SCRIPT_OUTPUT_FILE_0}\"\n";
			showEnvVarsInLog = 0;
		};
/* End PBXShellScriptBuildPhase section */

/* Begin PBXSourcesBuildPhase section */
		A54270E3267E2749005A5546 /* Sources */ = {
			isa = PBXSourcesBuildPhase;
			buildActionMask = 2147483647;
			files = (
				A54270EB267E2749005A5546 /* AppDelegate.swift in Sources */,
				A5427114267E34E2005A5546 /* PerformanceViewModel.swift in Sources */,
				A542712E267E3ACC005A5546 /* SearchBar.swift in Sources */,
				A5427116267E36C2005A5546 /* SeatGeek.swift in Sources */,
				A5427122267E3A7F005A5546 /* LikeButton.swift in Sources */,
				A5427112267E2A85005A5546 /* EventViewModel.swift in Sources */,
				A542711C267E3A58005A5546 /* EventCellView.swift in Sources */,
				A5427110267E2A15005A5546 /* Service.swift in Sources */,
				A542711A267E38F1005A5546 /* EventsDetailViewController.swift in Sources */,
				A5427118267E36D8005A5546 /* ApiKey.swift in Sources */,
				A54270ED267E2749005A5546 /* SceneDelegate.swift in Sources */,
				A5427132267E45FB005A5546 /* SubTextLabel.swift in Sources */,
				A542712C267E3AA8005A5546 /* Favorites.swift in Sources */,
				A542710E267E292C005A5546 /* Extensions.swift in Sources */,
				A5427134267E4643005A5546 /* TitleLabel.swift in Sources */,
				A542710A267E285F005A5546 /* EventTableViewController.swift in Sources */,
				A5427106267E2812005A5546 /* EventData.swift in Sources */,
			);
			runOnlyForDeploymentPostprocessing = 0;
		};
/* End PBXSourcesBuildPhase section */

/* Begin PBXVariantGroup section */
		A54270F0267E2749005A5546 /* Main.storyboard */ = {
			isa = PBXVariantGroup;
			children = (
				A54270F1267E2749005A5546 /* Base */,
			);
			name = Main.storyboard;
			sourceTree = "<group>";
		};
		A54270F5267E274B005A5546 /* LaunchScreen.storyboard */ = {
			isa = PBXVariantGroup;
			children = (
				A54270F6267E274B005A5546 /* Base */,
			);
			name = LaunchScreen.storyboard;
			sourceTree = "<group>";
		};
/* End PBXVariantGroup section */

/* Begin XCBuildConfiguration section */
		A54270F9267E274B005A5546 /* Debug */ = {
			isa = XCBuildConfiguration;
			buildSettings = {
				ALWAYS_SEARCH_USER_PATHS = NO;
				CLANG_ANALYZER_NONNULL = YES;
				CLANG_ANALYZER_NUMBER_OBJECT_CONVERSION = YES_AGGRESSIVE;
				CLANG_CXX_LANGUAGE_STANDARD = "gnu++14";
				CLANG_CXX_LIBRARY = "libc++";
				CLANG_ENABLE_MODULES = YES;
				CLANG_ENABLE_OBJC_ARC = YES;
				CLANG_ENABLE_OBJC_WEAK = YES;
				CLANG_WARN_BLOCK_CAPTURE_AUTORELEASING = YES;
				CLANG_WARN_BOOL_CONVERSION = YES;
				CLANG_WARN_COMMA = YES;
				CLANG_WARN_CONSTANT_CONVERSION = YES;
				CLANG_WARN_DEPRECATED_OBJC_IMPLEMENTATIONS = YES;
				CLANG_WARN_DIRECT_OBJC_ISA_USAGE = YES_ERROR;
				CLANG_WARN_DOCUMENTATION_COMMENTS = YES;
				CLANG_WARN_EMPTY_BODY = YES;
				CLANG_WARN_ENUM_CONVERSION = YES;
				CLANG_WARN_INFINITE_RECURSION = YES;
				CLANG_WARN_INT_CONVERSION = YES;
				CLANG_WARN_NON_LITERAL_NULL_CONVERSION = YES;
				CLANG_WARN_OBJC_IMPLICIT_RETAIN_SELF = YES;
				CLANG_WARN_OBJC_LITERAL_CONVERSION = YES;
				CLANG_WARN_OBJC_ROOT_CLASS = YES_ERROR;
				CLANG_WARN_QUOTED_INCLUDE_IN_FRAMEWORK_HEADER = YES;
				CLANG_WARN_RANGE_LOOP_ANALYSIS = YES;
				CLANG_WARN_STRICT_PROTOTYPES = YES;
				CLANG_WARN_SUSPICIOUS_MOVE = YES;
				CLANG_WARN_UNGUARDED_AVAILABILITY = YES_AGGRESSIVE;
				CLANG_WARN_UNREACHABLE_CODE = YES;
				CLANG_WARN__DUPLICATE_METHOD_MATCH = YES;
				COPY_PHASE_STRIP = NO;
				DEBUG_INFORMATION_FORMAT = dwarf;
				ENABLE_STRICT_OBJC_MSGSEND = YES;
				ENABLE_TESTABILITY = YES;
				GCC_C_LANGUAGE_STANDARD = gnu11;
				GCC_DYNAMIC_NO_PIC = NO;
				GCC_NO_COMMON_BLOCKS = YES;
				GCC_OPTIMIZATION_LEVEL = 0;
				GCC_PREPROCESSOR_DEFINITIONS = (
					"DEBUG=1",
					"$(inherited)",
				);
				GCC_WARN_64_TO_32_BIT_CONVERSION = YES;
				GCC_WARN_ABOUT_RETURN_TYPE = YES_ERROR;
				GCC_WARN_UNDECLARED_SELECTOR = YES;
				GCC_WARN_UNINITIALIZED_AUTOS = YES_AGGRESSIVE;
				GCC_WARN_UNUSED_FUNCTION = YES;
				GCC_WARN_UNUSED_VARIABLE = YES;
				IPHONEOS_DEPLOYMENT_TARGET = 14.5;
				MTL_ENABLE_DEBUG_INFO = INCLUDE_SOURCE;
				MTL_FAST_MATH = YES;
				ONLY_ACTIVE_ARCH = YES;
				SDKROOT = iphoneos;
				SWIFT_ACTIVE_COMPILATION_CONDITIONS = DEBUG;
				SWIFT_OPTIMIZATION_LEVEL = "-Onone";
			};
			name = Debug;
		};
		A54270FA267E274B005A5546 /* Release */ = {
			isa = XCBuildConfiguration;
			buildSettings = {
				ALWAYS_SEARCH_USER_PATHS = NO;
				CLANG_ANALYZER_NONNULL = YES;
				CLANG_ANALYZER_NUMBER_OBJECT_CONVERSION = YES_AGGRESSIVE;
				CLANG_CXX_LANGUAGE_STANDARD = "gnu++14";
				CLANG_CXX_LIBRARY = "libc++";
				CLANG_ENABLE_MODULES = YES;
				CLANG_ENABLE_OBJC_ARC = YES;
				CLANG_ENABLE_OBJC_WEAK = YES;
				CLANG_WARN_BLOCK_CAPTURE_AUTORELEASING = YES;
				CLANG_WARN_BOOL_CONVERSION = YES;
				CLANG_WARN_COMMA = YES;
				CLANG_WARN_CONSTANT_CONVERSION = YES;
				CLANG_WARN_DEPRECATED_OBJC_IMPLEMENTATIONS = YES;
				CLANG_WARN_DIRECT_OBJC_ISA_USAGE = YES_ERROR;
				CLANG_WARN_DOCUMENTATION_COMMENTS = YES;
				CLANG_WARN_EMPTY_BODY = YES;
				CLANG_WARN_ENUM_CONVERSION = YES;
				CLANG_WARN_INFINITE_RECURSION = YES;
				CLANG_WARN_INT_CONVERSION = YES;
				CLANG_WARN_NON_LITERAL_NULL_CONVERSION = YES;
				CLANG_WARN_OBJC_IMPLICIT_RETAIN_SELF = YES;
				CLANG_WARN_OBJC_LITERAL_CONVERSION = YES;
				CLANG_WARN_OBJC_ROOT_CLASS = YES_ERROR;
				CLANG_WARN_QUOTED_INCLUDE_IN_FRAMEWORK_HEADER = YES;
				CLANG_WARN_RANGE_LOOP_ANALYSIS = YES;
				CLANG_WARN_STRICT_PROTOTYPES = YES;
				CLANG_WARN_SUSPICIOUS_MOVE = YES;
				CLANG_WARN_UNGUARDED_AVAILABILITY = YES_AGGRESSIVE;
				CLANG_WARN_UNREACHABLE_CODE = YES;
				CLANG_WARN__DUPLICATE_METHOD_MATCH = YES;
				COPY_PHASE_STRIP = NO;
				DEBUG_INFORMATION_FORMAT = "dwarf-with-dsym";
				ENABLE_NS_ASSERTIONS = NO;
				ENABLE_STRICT_OBJC_MSGSEND = YES;
				GCC_C_LANGUAGE_STANDARD = gnu11;
				GCC_NO_COMMON_BLOCKS = YES;
				GCC_WARN_64_TO_32_BIT_CONVERSION = YES;
				GCC_WARN_ABOUT_RETURN_TYPE = YES_ERROR;
				GCC_WARN_UNDECLARED_SELECTOR = YES;
				GCC_WARN_UNINITIALIZED_AUTOS = YES_AGGRESSIVE;
				GCC_WARN_UNUSED_FUNCTION = YES;
				GCC_WARN_UNUSED_VARIABLE = YES;
				IPHONEOS_DEPLOYMENT_TARGET = 14.5;
				MTL_ENABLE_DEBUG_INFO = NO;
				MTL_FAST_MATH = YES;
				SDKROOT = iphoneos;
				SWIFT_COMPILATION_MODE = wholemodule;
				SWIFT_OPTIMIZATION_LEVEL = "-O";
				VALIDATE_PRODUCT = YES;
			};
			name = Release;
		};
		A54270FC267E274B005A5546 /* Debug */ = {
			isa = XCBuildConfiguration;
			baseConfigurationReference = 39D6D38B6C109CD38E1C9BD2 /* Pods-FetchRewardsProject.debug.xcconfig */;
			buildSettings = {
				ASSETCATALOG_COMPILER_APPICON_NAME = AppIcon;
				ASSETCATALOG_COMPILER_GLOBAL_ACCENT_COLOR_NAME = AccentColor;
				CODE_SIGN_STYLE = Automatic;
				DEVELOPMENT_TEAM = Z8R9LN9PJ7;
				INFOPLIST_FILE = FetchRewardsProject/Info.plist;
				LD_RUNPATH_SEARCH_PATHS = (
					"$(inherited)",
					"@executable_path/Frameworks",
				);
				PRODUCT_BUNDLE_IDENTIFIER = com.bober.FetchRewardsProject;
				PRODUCT_NAME = "$(TARGET_NAME)";
				SWIFT_VERSION = 5.0;
				TARGETED_DEVICE_FAMILY = "1,2";
			};
			name = Debug;
		};
		A54270FD267E274B005A5546 /* Release */ = {
			isa = XCBuildConfiguration;
			baseConfigurationReference = 938CF760F3A324301FEF3E6A /* Pods-FetchRewardsProject.release.xcconfig */;
			buildSettings = {
				ASSETCATALOG_COMPILER_APPICON_NAME = AppIcon;
				ASSETCATALOG_COMPILER_GLOBAL_ACCENT_COLOR_NAME = AccentColor;
				CODE_SIGN_STYLE = Automatic;
				DEVELOPMENT_TEAM = Z8R9LN9PJ7;
				INFOPLIST_FILE = FetchRewardsProject/Info.plist;
				LD_RUNPATH_SEARCH_PATHS = (
					"$(inherited)",
					"@executable_path/Frameworks",
				);
				PRODUCT_BUNDLE_IDENTIFIER = com.bober.FetchRewardsProject;
				PRODUCT_NAME = "$(TARGET_NAME)";
				SWIFT_VERSION = 5.0;
				TARGETED_DEVICE_FAMILY = "1,2";
			};
			name = Release;
		};
/* End XCBuildConfiguration section */

/* Begin XCConfigurationList section */
		A54270E2267E2749005A5546 /* Build configuration list for PBXProject "FetchRewardsProject" */ = {
			isa = XCConfigurationList;
			buildConfigurations = (
				A54270F9267E274B005A5546 /* Debug */,
				A54270FA267E274B005A5546 /* Release */,
			);
			defaultConfigurationIsVisible = 0;
			defaultConfigurationName = Release;
		};
		A54270FB267E274B005A5546 /* Build configuration list for PBXNativeTarget "FetchRewardsProject" */ = {
			isa = XCConfigurationList;
			buildConfigurations = (
				A54270FC267E274B005A5546 /* Debug */,
				A54270FD267E274B005A5546 /* Release */,
			);
			defaultConfigurationIsVisible = 0;
			defaultConfigurationName = Release;
		};
/* End XCConfigurationList section */
	};
	rootObject = A54270DF267E2749005A5546 /* Project object */;
}
